
Microsoft Visual Studio Solution File, Format Version 12.00
# Visual Studio Version 17
VisualStudioVersion = 17.5.33516.290
MinimumVisualStudioVersion = 10.0.40219.1
Project("{9A19103F-16F7-4668-BE54-9A1E7A4F7556}") = "FactoryMethod", "FactoryMethod\FactoryMethod.csproj", "{D301DFA0-0827-44AF-9B7A-752EAB8893F3}"
EndProject
Project("{9A19103F-16F7-4668-BE54-9A1E7A4F7556}") = "AbstractFactory", "AbstractFactory\AbstractFactory.csproj", "{A62B556B-8675-4C04-9623-DF70D4DCB71B}"
EndProject
Project("{9A19103F-16F7-4668-BE54-9A1E7A4F7556}") = "Builder", "Builder\Builder.csproj", "{64C9AB8A-2986-46A3-BA49-83506B1685ED}"
EndProject
Project("{FAE04EC0-301F-11D3-BF4B-00C04F79EFBC}") = "Prototype", "Prototype\Prototype.csproj", "{10E3EA47-464C-4195-8E75-4055A2C72B65}"
EndProject
Project("{2150E333-8FDC-42A3-9474-1A3956D46DE8}") = "Creational", "Creational", "{0E539EEA-B52F-4179-B606-FDFF09E85EAE}"
EndProject
Project("{FAE04EC0-301F-11D3-BF4B-00C04F79EFBC}") = "Singleton", "Singleton\Singleton.csproj", "{930749B1-9B71-4FF3-8086-0F479B722DD3}"
EndProject
Project("{2150E333-8FDC-42A3-9474-1A3956D46DE8}") = "Structural", "Structural", "{77FB1075-6F44-46C7-B10C-53E4E75A5B44}"
EndProject
Project("{FAE04EC0-301F-11D3-BF4B-00C04F79EFBC}") = "Adapter", "Adapter\Adapter.csproj", "{20567B8B-1DFC-409C-BCA7-817D829183BA}"
EndProject
Project("{FAE04EC0-301F-11D3-BF4B-00C04F79EFBC}") = "Bridge", "Bridge\Bridge.csproj", "{BB1B2B29-82F7-4C82-B40C-EE8DD9C30551}"
EndProject
Project("{FAE04EC0-301F-11D3-BF4B-00C04F79EFBC}") = "Composite", "Composite\Composite.csproj", "{BD0D5E74-BE6F-4BC2-8C66-881A1EC59BC0}"
EndProject
Project("{FAE04EC0-301F-11D3-BF4B-00C04F79EFBC}") = "Decorator", "Decorator\Decorator.csproj", "{05EB78A3-2BC3-4C2E-985F-7ECB687BCB15}"
EndProject
Project("{FAE04EC0-301F-11D3-BF4B-00C04F79EFBC}") = "Facade", "Facade\Facade.csproj", "{AF4A1BF1-384A-459A-8B7D-753C9B9A5679}"
EndProject
Project("{FAE04EC0-301F-11D3-BF4B-00C04F79EFBC}") = "Flyweight", "Flyweight\Flyweight.csproj", "{45BDC9C3-3A50-4B93-ACA1-00A9F140BB52}"
EndProject
Project("{FAE04EC0-301F-11D3-BF4B-00C04F79EFBC}") = "Proxy", "Proxy\Proxy.csproj", "{FBBC838A-37C8-454A-B964-8AA32FE1EC5E}"
EndProject
Global
	GlobalSection(SolutionConfigurationPlatforms) = preSolution
		Debug|Any CPU = Debug|Any CPU
		Release|Any CPU = Release|Any CPU
	EndGlobalSection
	GlobalSection(ProjectConfigurationPlatforms) = postSolution
		{D301DFA0-0827-44AF-9B7A-752EAB8893F3}.Debug|Any CPU.ActiveCfg = Debug|Any CPU
		{D301DFA0-0827-44AF-9B7A-752EAB8893F3}.Debug|Any CPU.Build.0 = Debug|Any CPU
		{D301DFA0-0827-44AF-9B7A-752EAB8893F3}.Release|Any CPU.ActiveCfg = Release|Any CPU
		{D301DFA0-0827-44AF-9B7A-752EAB8893F3}.Release|Any CPU.Build.0 = Release|Any CPU
		{A62B556B-8675-4C04-9623-DF70D4DCB71B}.Debug|Any CPU.ActiveCfg = Debug|Any CPU
		{A62B556B-8675-4C04-9623-DF70D4DCB71B}.Debug|Any CPU.Build.0 = Debug|Any CPU
		{A62B556B-8675-4C04-9623-DF70D4DCB71B}.Release|Any CPU.ActiveCfg = Release|Any CPU
		{A62B556B-8675-4C04-9623-DF70D4DCB71B}.Release|Any CPU.Build.0 = Release|Any CPU
		{64C9AB8A-2986-46A3-BA49-83506B1685ED}.Debug|Any CPU.ActiveCfg = Debug|Any CPU
		{64C9AB8A-2986-46A3-BA49-83506B1685ED}.Debug|Any CPU.Build.0 = Debug|Any CPU
		{64C9AB8A-2986-46A3-BA49-83506B1685ED}.Release|Any CPU.ActiveCfg = Release|Any CPU
		{64C9AB8A-2986-46A3-BA49-83506B1685ED}.Release|Any CPU.Build.0 = Release|Any CPU
		{10E3EA47-464C-4195-8E75-4055A2C72B65}.Debug|Any CPU.ActiveCfg = Debug|Any CPU
		{10E3EA47-464C-4195-8E75-4055A2C72B65}.Debug|Any CPU.Build.0 = Debug|Any CPU
		{10E3EA47-464C-4195-8E75-4055A2C72B65}.Release|Any CPU.ActiveCfg = Release|Any CPU
		{10E3EA47-464C-4195-8E75-4055A2C72B65}.Release|Any CPU.Build.0 = Release|Any CPU
		{930749B1-9B71-4FF3-8086-0F479B722DD3}.Debug|Any CPU.ActiveCfg = Debug|Any CPU
		{930749B1-9B71-4FF3-8086-0F479B722DD3}.Debug|Any CPU.Build.0 = Debug|Any CPU
		{930749B1-9B71-4FF3-8086-0F479B722DD3}.Release|Any CPU.ActiveCfg = Release|Any CPU
		{930749B1-9B71-4FF3-8086-0F479B722DD3}.Release|Any CPU.Build.0 = Release|Any CPU
		{20567B8B-1DFC-409C-BCA7-817D829183BA}.Debug|Any CPU.ActiveCfg = Debug|Any CPU
		{20567B8B-1DFC-409C-BCA7-817D829183BA}.Debug|Any CPU.Build.0 = Debug|Any CPU
		{20567B8B-1DFC-409C-BCA7-817D829183BA}.Release|Any CPU.ActiveCfg = Release|Any CPU
		{20567B8B-1DFC-409C-BCA7-817D829183BA}.Release|Any CPU.Build.0 = Release|Any CPU
		{BB1B2B29-82F7-4C82-B40C-EE8DD9C30551}.Debug|Any CPU.ActiveCfg = Debug|Any CPU
		{BB1B2B29-82F7-4C82-B40C-EE8DD9C30551}.Debug|Any CPU.Build.0 = Debug|Any CPU
		{BB1B2B29-82F7-4C82-B40C-EE8DD9C30551}.Release|Any CPU.ActiveCfg = Release|Any CPU
		{BB1B2B29-82F7-4C82-B40C-EE8DD9C30551}.Release|Any CPU.Build.0 = Release|Any CPU
		{BD0D5E74-BE6F-4BC2-8C66-881A1EC59BC0}.Debug|Any CPU.ActiveCfg = Debug|Any CPU
		{BD0D5E74-BE6F-4BC2-8C66-881A1EC59BC0}.Debug|Any CPU.Build.0 = Debug|Any CPU
		{BD0D5E74-BE6F-4BC2-8C66-881A1EC59BC0}.Release|Any CPU.ActiveCfg = Release|Any CPU
		{BD0D5E74-BE6F-4BC2-8C66-881A1EC59BC0}.Release|Any CPU.Build.0 = Release|Any CPU
		{05EB78A3-2BC3-4C2E-985F-7ECB687BCB15}.Debug|Any CPU.ActiveCfg = Debug|Any CPU
		{05EB78A3-2BC3-4C2E-985F-7ECB687BCB15}.Debug|Any CPU.Build.0 = Debug|Any CPU
		{05EB78A3-2BC3-4C2E-985F-7ECB687BCB15}.Release|Any CPU.ActiveCfg = Release|Any CPU
		{05EB78A3-2BC3-4C2E-985F-7ECB687BCB15}.Release|Any CPU.Build.0 = Release|Any CPU
		{AF4A1BF1-384A-459A-8B7D-753C9B9A5679}.Debug|Any CPU.ActiveCfg = Debug|Any CPU
		{AF4A1BF1-384A-459A-8B7D-753C9B9A5679}.Debug|Any CPU.Build.0 = Debug|Any CPU
		{AF4A1BF1-384A-459A-8B7D-753C9B9A5679}.Release|Any CPU.ActiveCfg = Release|Any CPU
		{AF4A1BF1-384A-459A-8B7D-753C9B9A5679}.Release|Any CPU.Build.0 = Release|Any CPU
		{45BDC9C3-3A50-4B93-ACA1-00A9F140BB52}.Debug|Any CPU.ActiveCfg = Debug|Any CPU
		{45BDC9C3-3A50-4B93-ACA1-00A9F140BB52}.Debug|Any CPU.Build.0 = Debug|Any CPU
		{45BDC9C3-3A50-4B93-ACA1-00A9F140BB52}.Release|Any CPU.ActiveCfg = Release|Any CPU
		{45BDC9C3-3A50-4B93-ACA1-00A9F140BB52}.Release|Any CPU.Build.0 = Release|Any CPU
		{FBBC838A-37C8-454A-B964-8AA32FE1EC5E}.Debug|Any CPU.ActiveCfg = Debug|Any CPU
		{FBBC838A-37C8-454A-B964-8AA32FE1EC5E}.Debug|Any CPU.Build.0 = Debug|Any CPU
		{FBBC838A-37C8-454A-B964-8AA32FE1EC5E}.Release|Any CPU.ActiveCfg = Release|Any CPU
		{FBBC838A-37C8-454A-B964-8AA32FE1EC5E}.Release|Any CPU.Build.0 = Release|Any CPU
	EndGlobalSection
	GlobalSection(SolutionProperties) = preSolution
		HideSolutionNode = FALSE
	EndGlobalSection
	GlobalSection(NestedProjects) = preSolution
		{D301DFA0-0827-44AF-9B7A-752EAB8893F3} = {0E539EEA-B52F-4179-B606-FDFF09E85EAE}
		{A62B556B-8675-4C04-9623-DF70D4DCB71B} = {0E539EEA-B52F-4179-B606-FDFF09E85EAE}
		{64C9AB8A-2986-46A3-BA49-83506B1685ED} = {0E539EEA-B52F-4179-B606-FDFF09E85EAE}
		{10E3EA47-464C-4195-8E75-4055A2C72B65} = {0E539EEA-B52F-4179-B606-FDFF09E85EAE}
		{930749B1-9B71-4FF3-8086-0F479B722DD3} = {0E539EEA-B52F-4179-B606-FDFF09E85EAE}
		{20567B8B-1DFC-409C-BCA7-817D829183BA} = {77FB1075-6F44-46C7-B10C-53E4E75A5B44}
		{BB1B2B29-82F7-4C82-B40C-EE8DD9C30551} = {77FB1075-6F44-46C7-B10C-53E4E75A5B44}
		{BD0D5E74-BE6F-4BC2-8C66-881A1EC59BC0} = {77FB1075-6F44-46C7-B10C-53E4E75A5B44}
		{05EB78A3-2BC3-4C2E-985F-7ECB687BCB15} = {77FB1075-6F44-46C7-B10C-53E4E75A5B44}
		{AF4A1BF1-384A-459A-8B7D-753C9B9A5679} = {77FB1075-6F44-46C7-B10C-53E4E75A5B44}
		{45BDC9C3-3A50-4B93-ACA1-00A9F140BB52} = {77FB1075-6F44-46C7-B10C-53E4E75A5B44}
		{FBBC838A-37C8-454A-B964-8AA32FE1EC5E} = {77FB1075-6F44-46C7-B10C-53E4E75A5B44}
	EndGlobalSection
	GlobalSection(ExtensibilityGlobals) = postSolution
		SolutionGuid = {A7798E7C-EF4B-401B-B4DC-A3C3F9AE2065}
	EndGlobalSection
EndGlobal
